
Microsoft Visual Studio Solution File, Format Version 12.00
# Visual Studio Version 16
VisualStudioVersion = 16.0.31624.102
MinimumVisualStudioVersion = 10.0.40219.1
Project("{FAE04EC0-301F-11D3-BF4B-00C04F79EFBC}") = "Nexpo", "Nexpo\Nexpo.csproj", "{F70254F7-6D20-46DE-829F-EF499F73E1FF}"
EndProject
Project("{FAE04EC0-301F-11D3-BF4B-00C04F79EFBC}") = "Nexpo.Tests", "Nexpo.Tests\Nexpo.Tests.csproj", "{5ADDBD31-C8FE-4D27-9892-D63026B8368C}"
EndProject
Global
	GlobalSection(SolutionConfigurationPlatforms) = preSolution
		Debug|Any CPU = Debug|Any CPU
		Release|Any CPU = Release|Any CPU
	EndGlobalSection
	GlobalSection(ProjectConfigurationPlatforms) = postSolution
		{F70254F7-6D20-46DE-829F-EF499F73E1FF}.Debug|Any CPU.ActiveCfg = Debug|Any CPU
		{F70254F7-6D20-46DE-829F-EF499F73E1FF}.Debug|Any CPU.Build.0 = Debug|Any CPU
		{F70254F7-6D20-46DE-829F-EF499F73E1FF}.Release|Any CPU.ActiveCfg = Release|Any CPU
		{F70254F7-6D20-46DE-829F-EF499F73E1FF}.Release|Any CPU.Build.0 = Release|Any CPU
		{5ADDBD31-C8FE-4D27-9892-D63026B8368C}.Debug|Any CPU.ActiveCfg = Debug|Any CPU
		{5ADDBD31-C8FE-4D27-9892-D63026B8368C}.Debug|Any CPU.Build.0 = Debug|Any CPU
		{5ADDBD31-C8FE-4D27-9892-D63026B8368C}.Release|Any CPU.ActiveCfg = Release|Any CPU
		{5ADDBD31-C8FE-4D27-9892-D63026B8368C}.Release|Any CPU.Build.0 = Release|Any CPU
	EndGlobalSection
	GlobalSection(SolutionProperties) = preSolution
		HideSolutionNode = FALSE
	EndGlobalSection
	GlobalSection(ExtensibilityGlobals) = postSolution
		SolutionGuid = {57C407B3-F9D6-4B7F-B303-1FDBB2FCF486}
	EndGlobalSection
EndGlobal
